
Microsoft Visual Studio Solution File, Format Version 12.00
# Visual Studio Version 16
VisualStudioVersion = 16.0.30523.141
MinimumVisualStudioVersion = 10.0.40219.1
Project("{9A19103F-16F7-4668-BE54-9A1E7A4F7556}") = "Entities", "Entities\Entities.csproj", "{A9FAC8FA-06E6-400D-833A-7496B9045E45}"
EndProject
Project("{FAE04EC0-301F-11D3-BF4B-00C04F79EFBC}") = "DataAccess", "DataAccess\DataAccess.csproj", "{0EE07160-0DF4-4494-888D-F133D2A0C27A}"
EndProject
Global
	GlobalSection(SolutionConfigurationPlatforms) = preSolution
		Debug|Any CPU = Debug|Any CPU
		Release|Any CPU = Release|Any CPU
	EndGlobalSection
	GlobalSection(ProjectConfigurationPlatforms) = postSolution
		{A9FAC8FA-06E6-400D-833A-7496B9045E45}.Debug|Any CPU.ActiveCfg = Debug|Any CPU
		{A9FAC8FA-06E6-400D-833A-7496B9045E45}.Debug|Any CPU.Build.0 = Debug|Any CPU
		{A9FAC8FA-06E6-400D-833A-7496B9045E45}.Release|Any CPU.ActiveCfg = Release|Any CPU
		{A9FAC8FA-06E6-400D-833A-7496B9045E45}.Release|Any CPU.Build.0 = Release|Any CPU
		{0EE07160-0DF4-4494-888D-F133D2A0C27A}.Debug|Any CPU.ActiveCfg = Debug|Any CPU
		{0EE07160-0DF4-4494-888D-F133D2A0C27A}.Debug|Any CPU.Build.0 = Debug|Any CPU
		{0EE07160-0DF4-4494-888D-F133D2A0C27A}.Release|Any CPU.ActiveCfg = Release|Any CPU
		{0EE07160-0DF4-4494-888D-F133D2A0C27A}.Release|Any CPU.Build.0 = Release|Any CPU
	EndGlobalSection
	GlobalSection(SolutionProperties) = preSolution
		HideSolutionNode = FALSE
	EndGlobalSection
	GlobalSection(ExtensibilityGlobals) = postSolution
		SolutionGuid = {B296EDEE-6BB3-41DA-9502-EC63BA7CCAFB}
	EndGlobalSection
EndGlobal
